git.agricon.de/mmorgenstern/ap-go-tools/di v1.0.0 h1:ymz+nZ1Iu3kiFleOpWqdgJUCpNqiePiTPzyiWbhBqLs=
git.agricon.de/mmorgenstern/ap-go-tools/di v1.0.0/go.mod h1:kiVDPTusXsJpz1e047IyQioxDWwm0+ozLvpytXXdg6A=
git.agricon.de/mmorgenstern/ap-go-tools/fail v1.0.4 h1:3c8cFUSCowJN305kPHhyR7beg//znkuaJAUbgVrzxwY=
git.agricon.de/mmorgenstern/ap-go-tools/fail v1.0.4/go.mod h1:mG2A0aRll/K8O0KTYkVJbfAaNhehP1zT5+TyKMr7bWk=
git.agricon.de/mmorgenstern/ap-go-tools/icons v1.0.3 h1:uVcXJh5EMo/iIrJW3Y1vBAK1lVSZJZ2JQ1yToM1kztA=
git.agricon.de/mmorgenstern/ap-go-tools/icons v1.0.3/go.mod h1:CiaClTSFSIGmz1Il9H2menSqsjFTshyDYVxASPDSQbE=
git.agricon.de/mmorgenstern/ap-go-tools/printer v1.0.2 h1:+AeoDZEar1CKaTWP59S5xXn6amnGL6v2jLNG5OkAVZk=
git.agricon.de/mmorgenstern/ap-go-tools/printer v1.0.2/go.mod h1:bsM8uzDN2LTDT90o+Zr4CbgK2WiXSdZcqDdUX4P6BGU=
git.agricon.de/mmorgenstern/ap-go-tools/server v1.0.5 h1:Ql6ZhvUDbNhiJk4Ulg+A9JSngteGFxpUUaVXjiv/3NM=
git.agricon.de/mmorgenstern/ap-go-tools/server v1.0.5/go.mod h1:LDDIaVdee/ttM28nyW84wsaA6uwkmTNNh2kpsTMZ2Fw=
github.com/codeus-node/fail v1.0.0 h1:uiAaS7VhJS3DTysyLUfKjprXqMQXf3NcxYvddRm1mqc=
github.com/codeus-node/fail v1.0.0/go.mod h1:5bYcTsqajwEB0/jpst7JxFZtZd6yk53P0jucNdsOfRs=
github.com/codeus-node/generic-di v1.0.1 h1:HIRe7SOfWgmmSGupAM1OALBv2hqeEDW1cICxUub7y/8=
github.com/codeus-node/generic-di v1.0.1/go.mod h1:++xmEoBVsF91MXimyen2hw32POrA2XIENe8YjiMy6lY=
github.com/codeus-node/icons v1.0.0 h1:GeyR+g++Y/hqptWW/aL1VZic5z+vzr4z8/ens0J+ELQ=
github.com/codeus-node/icons v1.0.0/go.mod h1:IsOi0PSPgPmhNWbi3691Xwi19KGEse9DG8huvsgyWuE=
github.com/codeus-node/nexus v1.0.0 h1:ShUr7ac4bk4R+nC+PRvmbJvMw4rOMo+XzPmYnXlIRPk=
github.com/codeus-node/nexus v1.0.0/go.mod h1:gMuRtNb3Ty4qRrYReiCtbDVbzdcnE5BFBJNAPDfPhl0=
github.com/codeus-node/printer v1.0.0 h1:fq0akWQkjqGl5DE0A4rsBtmTKb/L/sisAHRbxkvoOt0=
github.com/codeus-node/printer v1.0.0/go.mod h1:eb/aPVwSapdf4xEvxesHNfEP4zF66kx1od5R3DOR8qw=
github.com/codeus-node/slice_utils v1.0.0 h1:j4o9KTeZkCtDHg7Rvv2MRZN7dqxdNvmTbPxSf4oSvdw=
github.com/codeus-node/slice_utils v1.0.0/go.mod h1:H8HVfrkd0rnTYJ8nTKJryjJGJEL/CKEr6GTId3j11K4=
github.com/codeus-node/terminal v1.0.0 h1:/jtWNA4fkZxz8lOtIGr5+FnntXJMp6zcZEs9uyK0cxU=
github.com/codeus-node/terminal v1.0.0/go.mod h1:luQajlKTwkPfyaFkPtNDLuTfxUXczryw+cf+J4cULkQ=
github.com/google/uuid v1.6.0 h1:NIvaJDMOsjHA8n1jAhLSgzrAzy1Hgr+hNrb57e+94F0=
github.com/google/uuid v1.6.0/go.mod h1:TIyPZe4MgqvfeYDBFedMoGGpEw/LqOeaOT+nhxU+yHo=
github.com/gorilla/mux v1.8.1 h1:TuBL49tXwgrFYWhqrNgrUNEY92u81SPhu7sTdzQEiWY=
github.com/gorilla/mux v1.8.1/go.mod h1:AKf9I4AEqPTmMytcMc0KkNouC66V3BtZ4qD5fmWSiMQ=
github.com/gorilla/websocket v1.5.3 h1:saDtZ6Pbx/0u+bgYQ3q96pZgCzfhKXGPqt7kZ72aNNg=
github.com/gorilla/websocket v1.5.3/go.mod h1:YR8l580nyteQvAITg2hZ9XVh4b55+EU/adAjf1fMHhE=
github.com/rs/cors v1.11.1 h1:eU3gRzXLRK57F5rKMGMZURNdIG4EoAmX8k94r9wXWHA=
github.com/rs/cors v1.11.1/go.mod h1:XyqrcTp5zjWr1wsJ8PIRZssZ8b/WMcMf71DJnit4EMU=
